
Microsoft Visual Studio Solution File, Format Version 12.00
# Visual Studio Version 16
VisualStudioVersion = 16.0.34031.81
MinimumVisualStudioVersion = 10.0.40219.1
Project("{FAE04EC0-301F-11D3-BF4B-00C04F79EFBC}") = "01", "01\01.csproj", "{CCB86800-2849-4262-830B-E138D376D2DC}"
EndProject
Global
	GlobalSection(SolutionConfigurationPlatforms) = preSolution
		Debug|Any CPU = Debug|Any CPU
		Release|Any CPU = Release|Any CPU
	EndGlobalSection
	GlobalSection(ProjectConfigurationPlatforms) = postSolution
		{CCB86800-2849-4262-830B-E138D376D2DC}.Debug|Any CPU.ActiveCfg = Debug|Any CPU
		{CCB86800-2849-4262-830B-E138D376D2DC}.Debug|Any CPU.Build.0 = Debug|Any CPU
		{CCB86800-2849-4262-830B-E138D376D2DC}.Release|Any CPU.ActiveCfg = Release|Any CPU
		{CCB86800-2849-4262-830B-E138D376D2DC}.Release|Any CPU.Build.0 = Release|Any CPU
	EndGlobalSection
	GlobalSection(SolutionProperties) = preSolution
		HideSolutionNode = FALSE
	EndGlobalSection
	GlobalSection(ExtensibilityGlobals) = postSolution
		SolutionGuid = {314A3760-74D1-4B91-A0C7-8253BEEBBD09}
	EndGlobalSection
EndGlobal
